{
  "name": "rsocket-0x-example",
  "version": "1.0.0",
  "lockfileVersion": 2,
  "requires": true,
  "packages": {
    "": {
      "name": "rsocket-0x-example",
      "version": "1.0.0",
      "license": "ISC",
      "dependencies": {
        "rsocket-core": "^0.0.29-alpha.0",
        "rsocket-tcp-client": "^0.0.29-alpha.0",
        "rsocket-tcp-server": "^0.0.29-alpha.0",
        "rsocket-websocket-client": "^0.0.29-alpha.0",
        "rsocket-websocket-server": "^0.0.29-alpha.0",
        "ws": "^8.16.0"
      }
    },
    "node_modules/rsocket-core": {
      "version": "0.0.29-alpha.0",
      "resolved": "https://registry.npmjs.org/rsocket-core/-/rsocket-core-0.0.29-alpha.0.tgz",
      "integrity": "sha512-P96lPXGDIrapVWOfmLXV0mN7+zzhZnZAB/XG33Oy7jKPdEIgU09dnjUaVqePdAdAKZYF7LTUQl7TiwCkjfK5Gw==",
      "dependencies": {
        "rsocket-flowable": "^0.0.29-alpha.0",
        "rsocket-types": "^0.0.29-alpha.0"
      }
    },
    "node_modules/rsocket-flowable": {
      "version": "0.0.29-alpha.0",
      "resolved": "https://registry.npmjs.org/rsocket-flowable/-/rsocket-flowable-0.0.29-alpha.0.tgz",
      "integrity": "sha512-f+W6lj+WNg7yucUOTs5RxeUvefnUYbYTEzNWTaZcVfA39lKS93YYtAjQQ2jKmxUjO14rocaxMrQpl6HiwkADHQ=="
    },
    "node_modules/rsocket-tcp-client": {
      "version": "0.0.29-alpha.0",
      "resolved": "https://registry.npmjs.org/rsocket-tcp-client/-/rsocket-tcp-client-0.0.29-alpha.0.tgz",
      "integrity": "sha512-uYbCceNeCkzJ3ipy9dW5qO1sNiXhsCtamjPBIghNmADPH5hyiNNk0yvb2yklupCN8kfeGcGQHKucRcGNC6vY6g==",
      "dependencies": {
        "rsocket-core": "^0.0.29-alpha.0",
        "rsocket-flowable": "^0.0.29-alpha.0",
        "rsocket-types": "^0.0.29-alpha.0"
      }
    },
    "node_modules/rsocket-tcp-server": {
      "version": "0.0.29-alpha.0",
      "resolved": "https://registry.npmjs.org/rsocket-tcp-server/-/rsocket-tcp-server-0.0.29-alpha.0.tgz",
      "integrity": "sha512-va9unVpMiD7uCd19CcpS9hJeR7tLTEndTJjjDEc+Psi0ojbXcBOeHvI5oTFfssp8br7CP81LhoXguouwlw2MXw==",
      "dependencies": {
        "rsocket-core": "^0.0.29-alpha.0",
        "rsocket-flowable": "^0.0.29-alpha.0",
        "rsocket-tcp-client": "^0.0.29-alpha.0",
        "rsocket-types": "^0.0.29-alpha.0"
      }
    },
    "node_modules/rsocket-types": {
      "version": "0.0.29-alpha.0",
      "resolved": "https://registry.npmjs.org/rsocket-types/-/rsocket-types-0.0.29-alpha.0.tgz",
      "integrity": "sha512-zbcJDty+bgEVKebjEO8Ud1FHyobW5n7kK/SsOdwBkBF4wuomEKJr/xxR5Y78tVptU9bBPxo/j+l19NoX6MQIgQ==",
      "dependencies": {
        "rsocket-flowable": "^0.0.29-alpha.0"
      }
    },
    "node_modules/rsocket-websocket-client": {
      "version": "0.0.29-alpha.0",
      "resolved": "https://registry.npmjs.org/rsocket-websocket-client/-/rsocket-websocket-client-0.0.29-alpha.0.tgz",
      "integrity": "sha512-4C9YFM3AtIvntHNNtWENiSfDy7AoV1ImJBd1csQc0pWBgN+FkqackyJNm2yDEX6bVLDYtisr6PJQ+j3TcUztPw==",
      "dependencies": {
        "rsocket-core": "^0.0.29-alpha.0",
        "rsocket-flowable": "^0.0.29-alpha.0",
        "rsocket-types": "^0.0.29-alpha.0"
      }
    },
    "node_modules/rsocket-websocket-server": {
      "version": "0.0.29-alpha.0",
      "resolved": "https://registry.npmjs.org/rsocket-websocket-server/-/rsocket-websocket-server-0.0.29-alpha.0.tgz",
      "integrity": "sha512-iqchZgi554cT0lyX1BR2JGpI83+63SbsPqtL3G1LPYtncMokIYuYTiG8JIqahBF253GAqYqYY/Eqi6Ip1gWBJg==",
      "dependencies": {
        "rsocket-core": "^0.0.29-alpha.0",
        "rsocket-flowable": "^0.0.29-alpha.0",
        "rsocket-types": "^0.0.29-alpha.0",
        "ws": "^7.3.1"
      }
    },
    "node_modules/rsocket-websocket-server/node_modules/ws": {
      "version": "7.5.9",
      "resolved": "https://registry.npmjs.org/ws/-/ws-7.5.9.tgz",
      "integrity": "sha512-F+P9Jil7UiSKSkppIiD94dN07AwvFixvLIj1Og1Rl9GGMuNipJnV9JzjD6XuqmAeiswGvUmNLjr5cFuXwNS77Q==",
      "engines": {
        "node": ">=8.3.0"
      },
      "peerDependencies": {
        "bufferutil": "^4.0.1",
        "utf-8-validate": "^5.0.2"
      },
      "peerDependenciesMeta": {
        "bufferutil": {
          "optional": true
        },
        "utf-8-validate": {
          "optional": true
        }
      }
    },
    "node_modules/ws": {
      "version": "8.16.0",
      "resolved": "https://registry.npmjs.org/ws/-/ws-8.16.0.tgz",
      "integrity": "sha512-HS0c//TP7Ina87TfiPUz1rQzMhHrl/SG2guqRcTOIUYD2q8uhUdNHZYJUaQ8aTGPzCh+c6oawMKW35nFl1dxyQ==",
      "engines": {
        "node": ">=10.0.0"
      },
      "peerDependencies": {
        "bufferutil": "^4.0.1",
        "utf-8-validate": ">=5.0.2"
      },
      "peerDependenciesMeta": {
        "bufferutil": {
          "optional": true
        },
        "utf-8-validate": {
          "optional": true
        }
      }
    }
  },
  "dependencies": {
    "rsocket-core": {
      "version": "0.0.29-alpha.0",
      "resolved": "https://registry.npmjs.org/rsocket-core/-/rsocket-core-0.0.29-alpha.0.tgz",
      "integrity": "sha512-P96lPXGDIrapVWOfmLXV0mN7+zzhZnZAB/XG33Oy7jKPdEIgU09dnjUaVqePdAdAKZYF7LTUQl7TiwCkjfK5Gw==",
      "requires": {
        "rsocket-flowable": "^0.0.29-alpha.0",
        "rsocket-types": "^0.0.29-alpha.0"
      }
    },
    "rsocket-flowable": {
      "version": "0.0.29-alpha.0",
      "resolved": "https://registry.npmjs.org/rsocket-flowable/-/rsocket-flowable-0.0.29-alpha.0.tgz",
      "integrity": "sha512-f+W6lj+WNg7yucUOTs5RxeUvefnUYbYTEzNWTaZcVfA39lKS93YYtAjQQ2jKmxUjO14rocaxMrQpl6HiwkADHQ=="
    },
    "rsocket-tcp-client": {
      "version": "0.0.29-alpha.0",
      "resolved": "https://registry.npmjs.org/rsocket-tcp-client/-/rsocket-tcp-client-0.0.29-alpha.0.tgz",
      "integrity": "sha512-uYbCceNeCkzJ3ipy9dW5qO1sNiXhsCtamjPBIghNmADPH5hyiNNk0yvb2yklupCN8kfeGcGQHKucRcGNC6vY6g==",
      "requires": {
        "rsocket-core": "^0.0.29-alpha.0",
        "rsocket-flowable": "^0.0.29-alpha.0",
        "rsocket-types": "^0.0.29-alpha.0"
      }
    },
    "rsocket-tcp-server": {
      "version": "0.0.29-alpha.0",
      "resolved": "https://registry.npmjs.org/rsocket-tcp-server/-/rsocket-tcp-server-0.0.29-alpha.0.tgz",
      "integrity": "sha512-va9unVpMiD7uCd19CcpS9hJeR7tLTEndTJjjDEc+Psi0ojbXcBOeHvI5oTFfssp8br7CP81LhoXguouwlw2MXw==",
      "requires": {
        "rsocket-core": "^0.0.29-alpha.0",
        "rsocket-flowable": "^0.0.29-alpha.0",
        "rsocket-tcp-client": "^0.0.29-alpha.0",
        "rsocket-types": "^0.0.29-alpha.0"
      }
    },
    "rsocket-types": {
      "version": "0.0.29-alpha.0",
      "resolved": "https://registry.npmjs.org/rsocket-types/-/rsocket-types-0.0.29-alpha.0.tgz",
      "integrity": "sha512-zbcJDty+bgEVKebjEO8Ud1FHyobW5n7kK/SsOdwBkBF4wuomEKJr/xxR5Y78tVptU9bBPxo/j+l19NoX6MQIgQ==",
      "requires": {
        "rsocket-flowable": "^0.0.29-alpha.0"
      }
    },
    "rsocket-websocket-client": {
      "version": "0.0.29-alpha.0",
      "resolved": "https://registry.npmjs.org/rsocket-websocket-client/-/rsocket-websocket-client-0.0.29-alpha.0.tgz",
      "integrity": "sha512-4C9YFM3AtIvntHNNtWENiSfDy7AoV1ImJBd1csQc0pWBgN+FkqackyJNm2yDEX6bVLDYtisr6PJQ+j3TcUztPw==",
      "requires": {
        "rsocket-core": "^0.0.29-alpha.0",
        "rsocket-flowable": "^0.0.29-alpha.0",
        "rsocket-types": "^0.0.29-alpha.0"
      }
    },
    "rsocket-websocket-server": {
      "version": "0.0.29-alpha.0",
      "resolved": "https://registry.npmjs.org/rsocket-websocket-server/-/rsocket-websocket-server-0.0.29-alpha.0.tgz",
      "integrity": "sha512-iqchZgi554cT0lyX1BR2JGpI83+63SbsPqtL3G1LPYtncMokIYuYTiG8JIqahBF253GAqYqYY/Eqi6Ip1gWBJg==",
      "requires": {
        "rsocket-core": "^0.0.29-alpha.0",
        "rsocket-flowable": "^0.0.29-alpha.0",
        "rsocket-types": "^0.0.29-alpha.0",
        "ws": "^7.3.1"
      },
      "dependencies": {
        "ws": {
          "version": "7.5.9",
          "resolved": "https://registry.npmjs.org/ws/-/ws-7.5.9.tgz",
          "integrity": "sha512-F+P9Jil7UiSKSkppIiD94dN07AwvFixvLIj1Og1Rl9GGMuNipJnV9JzjD6XuqmAeiswGvUmNLjr5cFuXwNS77Q==",
          "requires": {}
        }
      }
    },
    "ws": {
      "version": "8.16.0",
      "resolved": "https://registry.npmjs.org/ws/-/ws-8.16.0.tgz",
      "integrity": "sha512-HS0c//TP7Ina87TfiPUz1rQzMhHrl/SG2guqRcTOIUYD2q8uhUdNHZYJUaQ8aTGPzCh+c6oawMKW35nFl1dxyQ==",
      "requires": {}
    }
  }
}
