{
  "name": "rsocket-0x-example",
  "version": "1.0.0",
  "lockfileVersion": 2,
  "requires": true,
  "packages": {
    "": {
      "name": "rsocket-0x-example",
      "version": "1.0.0",
      "license": "ISC",
      "dependencies": {
        "rsocket-core": "^0.0.27",
        "rsocket-websocket-client": "^0.0.27",
        "rsocket-websocket-server": "^0.0.27",
        "ws": "^8.16.0"
      }
    },
    "node_modules/rsocket-core": {
      "version": "0.0.27",
      "resolved": "https://registry.npmjs.org/rsocket-core/-/rsocket-core-0.0.27.tgz",
      "integrity": "sha512-q/+8PY0BIPvwXb6jPsnKCdyUKFusrm4JDzWnxbW1Ywu2sG/suv28/+mHC7kRGtMnRsxsLAWnqsmI6EznTabItA==",
      "dependencies": {
        "rsocket-flowable": "^0.0.27",
        "rsocket-types": "^0.0.27"
      }
    },
    "node_modules/rsocket-flowable": {
      "version": "0.0.27",
      "resolved": "https://registry.npmjs.org/rsocket-flowable/-/rsocket-flowable-0.0.27.tgz",
      "integrity": "sha512-I/1vETXP+qCfGFeMY8i+QLhyBpcEj0nDmWnP2vh7lDyOBNT9LjAiY6kigUzEHbfhoNe3vnJWYK6uCzxIsi622Q=="
    },
    "node_modules/rsocket-types": {
      "version": "0.0.27",
      "resolved": "https://registry.npmjs.org/rsocket-types/-/rsocket-types-0.0.27.tgz",
      "integrity": "sha512-88vgA+d31a6wW5YP63jQZ0CqZ3DALtH4oCbuMtIcNy28m1kDYGPZunhsnw+YC/XtjOqb5hKhn10ZQm7OK2xc1g==",
      "dependencies": {
        "rsocket-flowable": "^0.0.27"
      }
    },
    "node_modules/rsocket-websocket-client": {
      "version": "0.0.27",
      "resolved": "https://registry.npmjs.org/rsocket-websocket-client/-/rsocket-websocket-client-0.0.27.tgz",
      "integrity": "sha512-1BX2O1C1R5W78kI7J5E/nbzxawUOceLggeG1b7rnIGZgCbnftGoIOF5xU/Q268UCE4NNtaDRED4xSHJpdAVFBw==",
      "dependencies": {
        "rsocket-core": "^0.0.27",
        "rsocket-flowable": "^0.0.27",
        "rsocket-types": "^0.0.27"
      }
    },
    "node_modules/rsocket-websocket-server": {
      "version": "0.0.27",
      "resolved": "https://registry.npmjs.org/rsocket-websocket-server/-/rsocket-websocket-server-0.0.27.tgz",
      "integrity": "sha512-CpC3Ksh1EjEB/aqWRDtb7GnxQHzwX3eWw0etvjUEThBHNKiU7Pd17PB/6cZzZlPq+GbKARVL/s65OfpGUkITZA==",
      "dependencies": {
        "rsocket-core": "^0.0.27",
        "rsocket-flowable": "^0.0.27",
        "rsocket-types": "^0.0.27",
        "ws": "^7.3.1"
      }
    },
    "node_modules/rsocket-websocket-server/node_modules/ws": {
      "version": "7.5.9",
      "resolved": "https://registry.npmjs.org/ws/-/ws-7.5.9.tgz",
      "integrity": "sha512-F+P9Jil7UiSKSkppIiD94dN07AwvFixvLIj1Og1Rl9GGMuNipJnV9JzjD6XuqmAeiswGvUmNLjr5cFuXwNS77Q==",
      "engines": {
        "node": ">=8.3.0"
      },
      "peerDependencies": {
        "bufferutil": "^4.0.1",
        "utf-8-validate": "^5.0.2"
      },
      "peerDependenciesMeta": {
        "bufferutil": {
          "optional": true
        },
        "utf-8-validate": {
          "optional": true
        }
      }
    },
    "node_modules/ws": {
      "version": "8.16.0",
      "resolved": "https://registry.npmjs.org/ws/-/ws-8.16.0.tgz",
      "integrity": "sha512-HS0c//TP7Ina87TfiPUz1rQzMhHrl/SG2guqRcTOIUYD2q8uhUdNHZYJUaQ8aTGPzCh+c6oawMKW35nFl1dxyQ==",
      "engines": {
        "node": ">=10.0.0"
      },
      "peerDependencies": {
        "bufferutil": "^4.0.1",
        "utf-8-validate": ">=5.0.2"
      },
      "peerDependenciesMeta": {
        "bufferutil": {
          "optional": true
        },
        "utf-8-validate": {
          "optional": true
        }
      }
    }
  },
  "dependencies": {
    "rsocket-core": {
      "version": "0.0.27",
      "resolved": "https://registry.npmjs.org/rsocket-core/-/rsocket-core-0.0.27.tgz",
      "integrity": "sha512-q/+8PY0BIPvwXb6jPsnKCdyUKFusrm4JDzWnxbW1Ywu2sG/suv28/+mHC7kRGtMnRsxsLAWnqsmI6EznTabItA==",
      "requires": {
        "rsocket-flowable": "^0.0.27",
        "rsocket-types": "^0.0.27"
      }
    },
    "rsocket-flowable": {
      "version": "0.0.27",
      "resolved": "https://registry.npmjs.org/rsocket-flowable/-/rsocket-flowable-0.0.27.tgz",
      "integrity": "sha512-I/1vETXP+qCfGFeMY8i+QLhyBpcEj0nDmWnP2vh7lDyOBNT9LjAiY6kigUzEHbfhoNe3vnJWYK6uCzxIsi622Q=="
    },
    "rsocket-types": {
      "version": "0.0.27",
      "resolved": "https://registry.npmjs.org/rsocket-types/-/rsocket-types-0.0.27.tgz",
      "integrity": "sha512-88vgA+d31a6wW5YP63jQZ0CqZ3DALtH4oCbuMtIcNy28m1kDYGPZunhsnw+YC/XtjOqb5hKhn10ZQm7OK2xc1g==",
      "requires": {
        "rsocket-flowable": "^0.0.27"
      }
    },
    "rsocket-websocket-client": {
      "version": "0.0.27",
      "resolved": "https://registry.npmjs.org/rsocket-websocket-client/-/rsocket-websocket-client-0.0.27.tgz",
      "integrity": "sha512-1BX2O1C1R5W78kI7J5E/nbzxawUOceLggeG1b7rnIGZgCbnftGoIOF5xU/Q268UCE4NNtaDRED4xSHJpdAVFBw==",
      "requires": {
        "rsocket-core": "^0.0.27",
        "rsocket-flowable": "^0.0.27",
        "rsocket-types": "^0.0.27"
      }
    },
    "rsocket-websocket-server": {
      "version": "0.0.27",
      "resolved": "https://registry.npmjs.org/rsocket-websocket-server/-/rsocket-websocket-server-0.0.27.tgz",
      "integrity": "sha512-CpC3Ksh1EjEB/aqWRDtb7GnxQHzwX3eWw0etvjUEThBHNKiU7Pd17PB/6cZzZlPq+GbKARVL/s65OfpGUkITZA==",
      "requires": {
        "rsocket-core": "^0.0.27",
        "rsocket-flowable": "^0.0.27",
        "rsocket-types": "^0.0.27",
        "ws": "^7.3.1"
      },
      "dependencies": {
        "ws": {
          "version": "7.5.9",
          "resolved": "https://registry.npmjs.org/ws/-/ws-7.5.9.tgz",
          "integrity": "sha512-F+P9Jil7UiSKSkppIiD94dN07AwvFixvLIj1Og1Rl9GGMuNipJnV9JzjD6XuqmAeiswGvUmNLjr5cFuXwNS77Q==",
          "requires": {}
        }
      }
    },
    "ws": {
      "version": "8.16.0",
      "resolved": "https://registry.npmjs.org/ws/-/ws-8.16.0.tgz",
      "integrity": "sha512-HS0c//TP7Ina87TfiPUz1rQzMhHrl/SG2guqRcTOIUYD2q8uhUdNHZYJUaQ8aTGPzCh+c6oawMKW35nFl1dxyQ==",
      "requires": {}
    }
  }
}
